{
	"name": "@snow/utils",
	"version": "0.0.0",
	"lockfileVersion": 1,
	"requires": true,
	"dependencies": {
		"@2gis/gl-matrix": {
			"version": "2.4.6",
			"resolved": "https://registry.npmjs.org/@2gis/gl-matrix/-/gl-matrix-2.4.6.tgz",
			"integrity": "sha512-Seb9Z24CpObDgq+PC3G3FJX7F8LHL6VBUz/pcknKbO6kh2IhutMHL3dqbPjpGejrJkARhs/C9W5Z9tAsZGT/8g=="
		},
		"typescript": {
			"version": "4.1.2",
			"resolved": "https://registry.npmjs.org/typescript/-/typescript-4.1.2.tgz",
			"integrity": "sha512-thGloWsGH3SOxv1SoY7QojKi0tc+8FnOmiarEGMbd/lar7QOEd3hvlx3Fp5y6FlDUGl9L+pd4n2e+oToGMmhRQ==",
			"dev": true
		}
	}
}
